PODS:
  - Alamofire (4.9.1)
  - HandyJSON (5.0.1)
  - IQKeyboardManagerSwift (6.5.5)
  - JQCollectionViewAlignLayout (0.1.5)
  - JSONKit-iOS6Later (2.0.1)
  - MJRefresh (3.1.15.7)
  - QXConsMaker (0.0.8)
  - QXJSON (0.1.1)
  - QXMessageView (0.0.6)
  - SAMKeychain (1.5.3)
  - YYCache (1.0.4)
  - YYImage (1.0.4):
    - YYImage/Core (= 1.0.4)
  - YYImage/Core (1.0.4)
  - YYWebImage (1.0.5):
    - YYCache
    - YYImage

DEPENDENCIES:
  - Alamofire (= 4.9.1)
  - HandyJSON (~> 5.0.1)
  - IQKeyboardManagerSwift (~> 6.5.4)
  - JQCollectionViewAlignLayout (~> 0.1.5)
  - JSONKit-iOS6Later (~> 2.0.1)
  - MJRefresh (~> 3.1.15.7)
  - QXConsMaker (~> 0.0.8)
  - QXJSON (~> 0.1.1)
  - QXMessageView (~> 0.0.5)
  - SAMKeychain (~> 1.5.3)
  - YYWebImage (~> 1.0.5)

SPEC REPOS:
  trunk:
    - Alamofire
    - HandyJSON
    - IQKeyboardManagerSwift
    - JQCollectionViewAlignLayout
    - JSONKit-iOS6Later
    - MJRefresh
    - QXConsMaker
    - QXJSON
    - QXMessageView
    - SAMKeychain
    - YYCache
    - YYImage
    - YYWebImage

SPEC CHECKSUMS:
  Alamofire: 85e8a02c69d6020a0d734f6054870d7ecb75cf18
  HandyJSON: d45b8415c501e3affc59ca9762c1197ff0feb646
  IQKeyboardManagerSwift: 0fb93310284665245591f50f7a5e38de615960b7
  JQCollectionViewAlignLayout: d44142c09e6ba96cc874ac5014ff64accb8995ce
  JSONKit-iOS6Later: bfc45aff4b3fc688e7e2e10ebd79fc71b989a615
  MJRefresh: 697f8ec75ebdbe9207767bb682cf0f51b0d8a41f
  QXConsMaker: 32352325ad79720d0fee07d584a879183f5a61ee
  QXJSON: 142a34d8510e11103603c9b3435fe177b0321bd5
  QXMessageView: 1a26098660e0b1e4f857e85fd5181d0689a30324
  SAMKeychain: 483e1c9f32984d50ca961e26818a534283b4cd5c
  YYCache: 8105b6638f5e849296c71f331ff83891a4942952
  YYImage: 1e1b62a9997399593e4b9c4ecfbbabbf1d3f3b54
  YYWebImage: 5f7f36aee2ae293f016d418c7d6ba05c4863e928

PODFILE CHECKSUM: 6d93b15b6df25b679a226a8f67be5f956ccbe868

COCOAPODS: 1.9.3
