PODS:
  - Alamofire (4.8.2)
  - Kingfisher (4.10.1)
  - MJRefresh (3.1.15.7)
  - QXJSON (0.1.1)
  - QXMessageView (0.0.3)
  - SAMKeychain (1.5.3)

DEPENDENCIES:
  - Alamofire (= 4.8.2)
  - Kingfisher (~> 4.10.1)
  - MJRefresh (~> 3.1.15.7)
  - QXJSON (~> 0.1.1)
  - QXMessageView (~> 0.0.3)
  - SAMKeychain (~> 1.5.3)

SPEC REPOS:
  https://github.com/cocoapods/specs.git:
    - Alamofire
    - Kingfisher
    - MJRefresh
    - QXJSON
    - QXMessageView
    - SAMKeychain

SPEC CHECKSUMS:
  Alamofire: ae5c501addb7afdbb13687d7f2f722c78734c2d3
  Kingfisher: c148cd7b47ebde9989f6bc7c27dcaa79d81279a0
  MJRefresh: 697f8ec75ebdbe9207767bb682cf0f51b0d8a41f
  QXJSON: 142a34d8510e11103603c9b3435fe177b0321bd5
  QXMessageView: f7437eb16f3a9f0889c233d4044df7f622f40ab0
  SAMKeychain: 483e1c9f32984d50ca961e26818a534283b4cd5c

PODFILE CHECKSUM: d8afa7b1019658a4fa7341fa0876ce6e6336cf36

COCOAPODS: 1.7.2
