// !$*UTF8*$!
{
	archiveVersion = 1;
	classes = {
	};
	objectVersion = 51;
	objects = {

/* Begin PBXBuildFile section */
		4A896D06035194710BB414B1 /* Pods_QXUIKitExtension.framework in Frameworks */ = {isa = PBXBuildFile; fileRef = 950932CC5C82C8CED282FC01 /* Pods_QXUIKitExtension.framework */; };
		751558A622E7F70E00EFF37A /* QXRequest.swift in Sources */ = {isa = PBXBuildFile; fileRef = 751558A522E7F70E00EFF37A /* QXRequest.swift */; };
		751558A822E7FCFA00EFF37A /* QXPage.swift in Sources */ = {isa = PBXBuildFile; fileRef = 751558A722E7FCFA00EFF37A /* QXPage.swift */; };
		751558AA22E7FD1500EFF37A /* QXModel.swift in Sources */ = {isa = PBXBuildFile; fileRef = 751558A922E7FD1500EFF37A /* QXModel.swift */; };
		751558AC22E8033000EFF37A /* QXRespond.swift in Sources */ = {isa = PBXBuildFile; fileRef = 751558AB22E8033000EFF37A /* QXRespond.swift */; };
		751558AE22E8255700EFF37A /* QXRequest_jsonExt.swift in Sources */ = {isa = PBXBuildFile; fileRef = 751558AD22E8255700EFF37A /* QXRequest_jsonExt.swift */; };
		751558B022E8258900EFF37A /* QXRequest_modelExt.swift in Sources */ = {isa = PBXBuildFile; fileRef = 751558AF22E8258900EFF37A /* QXRequest_modelExt.swift */; };
		751B76E8236A903A004F3265 /* QXModelsLoadStatusView.swift in Sources */ = {isa = PBXBuildFile; fileRef = 751B76E7236A903A004F3265 /* QXModelsLoadStatusView.swift */; };
		753D1A02230A4B7700409637 /* QXDevice.swift in Sources */ = {isa = PBXBuildFile; fileRef = 753D1A01230A4B7700409637 /* QXDevice.swift */; };
		7542FF3D23050EC60079CCD6 /* icon_mine_ask1.png in Resources */ = {isa = PBXBuildFile; fileRef = 7542FF3C23050EC60079CCD6 /* icon_mine_ask1.png */; };
		7542FF3F23050F990079CCD6 /* icon_mine_recommend.png in Resources */ = {isa = PBXBuildFile; fileRef = 7542FF3E23050F990079CCD6 /* icon_mine_recommend.png */; };
		7542FF43230555CB0079CCD6 /* QXStackView.swift in Sources */ = {isa = PBXBuildFile; fileRef = 7542FF42230555CB0079CCD6 /* QXStackView.swift */; };
		7553884622EE969900D5261D /* QXTableViewController.swift in Sources */ = {isa = PBXBuildFile; fileRef = 7553884522EE969900D5261D /* QXTableViewController.swift */; };
		7553C79022CC9C810058239B /* QXRect.Relation.swift in Sources */ = {isa = PBXBuildFile; fileRef = 7553C78D22CC9C810058239B /* QXRect.Relation.swift */; };
		7553C79122CC9C810058239B /* QXRect.UIView.swift in Sources */ = {isa = PBXBuildFile; fileRef = 7553C78E22CC9C810058239B /* QXRect.UIView.swift */; };
		7553C79222CC9C810058239B /* QXRect.swift in Sources */ = {isa = PBXBuildFile; fileRef = 7553C78F22CC9C810058239B /* QXRect.swift */; };
		7553C7FD22CEE0CE0058239B /* QXError.swift in Sources */ = {isa = PBXBuildFile; fileRef = 7553C7FC22CEE0CE0058239B /* QXError.swift */; };
		7553C7FF22CEE2A80058239B /* UIImage_ext.swift in Sources */ = {isa = PBXBuildFile; fileRef = 7553C7FE22CEE2A80058239B /* UIImage_ext.swift */; };
		7553C80122CEE50A0058239B /* QXDebug.swift in Sources */ = {isa = PBXBuildFile; fileRef = 7553C80022CEE50A0058239B /* QXDebug.swift */; };
		7553C80322CEF5910058239B /* UserDefaults_ext.swift in Sources */ = {isa = PBXBuildFile; fileRef = 7553C80222CEF5910058239B /* UserDefaults_ext.swift */; };
		7553C80522CEFA010058239B /* UIWindow_ext.swift in Sources */ = {isa = PBXBuildFile; fileRef = 7553C80422CEFA010058239B /* UIWindow_ext.swift */; };
		7553C80922CF0CB60058239B /* UIApplication_ext.swift in Sources */ = {isa = PBXBuildFile; fileRef = 7553C80822CF0CB60058239B /* UIApplication_ext.swift */; };
		7553C80B22CF0DA90058239B /* DispatchQueue_ext.swift in Sources */ = {isa = PBXBuildFile; fileRef = 7553C80A22CF0DA90058239B /* DispatchQueue_ext.swift */; };
		7553C80D22CF0F590058239B /* QXEmpty.swift in Sources */ = {isa = PBXBuildFile; fileRef = 7553C80C22CF0F590058239B /* QXEmpty.swift */; };
		7553C81122CF1D6B0058239B /* QXBarButtonItem.swift in Sources */ = {isa = PBXBuildFile; fileRef = 7553C81022CF1D6B0058239B /* QXBarButtonItem.swift */; };
		75622EBF22BE3DAB0035093D /* UIFont_ext.swift in Sources */ = {isa = PBXBuildFile; fileRef = 75622EBE22BE3DAB0035093D /* UIFont_ext.swift */; };
		756A50A522BDF9FD00E692DA /* AppDelegate.swift in Sources */ = {isa = PBXBuildFile; fileRef = 756A50A422BDF9FD00E692DA /* AppDelegate.swift */; };
		756A50A722BDF9FD00E692DA /* ViewController.swift in Sources */ = {isa = PBXBuildFile; fileRef = 756A50A622BDF9FD00E692DA /* ViewController.swift */; };
		756A50AC22BDF9FE00E692DA /* Assets.xcassets in Resources */ = {isa = PBXBuildFile; fileRef = 756A50AB22BDF9FE00E692DA /* Assets.xcassets */; };
		756A50B822BDFA3B00E692DA /* QXColor.swift in Sources */ = {isa = PBXBuildFile; fileRef = 756A50B722BDFA3B00E692DA /* QXColor.swift */; };
		756A50BA22BDFABF00E692DA /* QXImage.swift in Sources */ = {isa = PBXBuildFile; fileRef = 756A50B922BDFABF00E692DA /* QXImage.swift */; };
		756A50BC22BDFCB800E692DA /* String_ext.swift in Sources */ = {isa = PBXBuildFile; fileRef = 756A50BB22BDFCB800E692DA /* String_ext.swift */; };
		756A50BE22BE0B1300E692DA /* QXURL.swift in Sources */ = {isa = PBXBuildFile; fileRef = 756A50BD22BE0B1300E692DA /* QXURL.swift */; };
		756A50C422BE141E00E692DA /* QXLocation.swift in Sources */ = {isa = PBXBuildFile; fileRef = 756A50C322BE141E00E692DA /* QXLocation.swift */; };
		75729FA0236133CC0007D1B1 /* QXStaticTextCell.swift in Sources */ = {isa = PBXBuildFile; fileRef = 75729F9F236133CC0007D1B1 /* QXStaticTextCell.swift */; };
		75729FA2236134010007D1B1 /* QXStaticBase.swift in Sources */ = {isa = PBXBuildFile; fileRef = 75729FA1236134010007D1B1 /* QXStaticBase.swift */; };
		75729FA423614DEC0007D1B1 /* DemoListVc.swift in Sources */ = {isa = PBXBuildFile; fileRef = 75729FA323614DEC0007D1B1 /* DemoListVc.swift */; };
		75729FA623614E090007D1B1 /* DemoStackViewVc.swift in Sources */ = {isa = PBXBuildFile; fileRef = 75729FA523614E090007D1B1 /* DemoStackViewVc.swift */; };
		75729FAC236170450007D1B1 /* QXStaticHeaderView.swift in Sources */ = {isa = PBXBuildFile; fileRef = 75729FAB236170450007D1B1 /* QXStaticHeaderView.swift */; };
		7574AA86230BCF9F00ABF6AD /* QXLineView.swift in Sources */ = {isa = PBXBuildFile; fileRef = 7574AA85230BCF9F00ABF6AD /* QXLineView.swift */; };
		757659C02366749700588C63 /* DemoStaticsVc.swift in Sources */ = {isa = PBXBuildFile; fileRef = 757659BF2366749700588C63 /* DemoStaticsVc.swift */; };
		757659C2236677D800588C63 /* QXStaticSpaceCell.swift in Sources */ = {isa = PBXBuildFile; fileRef = 757659C1236677D800588C63 /* QXStaticSpaceCell.swift */; };
		7578068C22E1611F009DD0DA /* QXRichLabel.swift in Sources */ = {isa = PBXBuildFile; fileRef = 7578068B22E1611F009DD0DA /* QXRichLabel.swift */; };
		7578068F22E162F0009DD0DA /* QXLoadStatusView.swift in Sources */ = {isa = PBXBuildFile; fileRef = 7578068D22E162F0009DD0DA /* QXLoadStatusView.swift */; };
		7578069022E162F0009DD0DA /* QXLoadStatusViewController.swift in Sources */ = {isa = PBXBuildFile; fileRef = 7578068E22E162F0009DD0DA /* QXLoadStatusViewController.swift */; };
		7578069222E1647C009DD0DA /* QXUIKitExtensionResources.bundle in Resources */ = {isa = PBXBuildFile; fileRef = 7578069122E1647C009DD0DA /* QXUIKitExtensionResources.bundle */; };
		7578069422E164E7009DD0DA /* QXUIKitExtensionResources.swift in Sources */ = {isa = PBXBuildFile; fileRef = 7578069322E164E7009DD0DA /* QXUIKitExtensionResources.swift */; };
		7578069622E1662D009DD0DA /* QXUIKitExtensionConfigs.swift in Sources */ = {isa = PBXBuildFile; fileRef = 7578069522E1662D009DD0DA /* QXUIKitExtensionConfigs.swift */; };
		7578069A22E18D1D009DD0DA /* QXAlignment.swift in Sources */ = {isa = PBXBuildFile; fileRef = 7578069922E18D1D009DD0DA /* QXAlignment.swift */; };
		757806A122E1C035009DD0DA /* QXProgress.swift in Sources */ = {isa = PBXBuildFile; fileRef = 757806A022E1C035009DD0DA /* QXProgress.swift */; };
		757806A522E2A108009DD0DA /* LaunchScreen.storyboard in Resources */ = {isa = PBXBuildFile; fileRef = 757806A422E2A108009DD0DA /* LaunchScreen.storyboard */; };
		757806A722E2A47B009DD0DA /* QXLabel.swift in Sources */ = {isa = PBXBuildFile; fileRef = 757806A622E2A47B009DD0DA /* QXLabel.swift */; };
		757806A922E2A4A6009DD0DA /* QXImageView.swift in Sources */ = {isa = PBXBuildFile; fileRef = 757806A822E2A4A6009DD0DA /* QXImageView.swift */; };
		757806AB22E2BA5D009DD0DA /* QXMargin.swift in Sources */ = {isa = PBXBuildFile; fileRef = 757806AA22E2BA5D009DD0DA /* QXMargin.swift */; };
		7578A87323617CF3006CFDD5 /* QXSettingCell.swift in Sources */ = {isa = PBXBuildFile; fileRef = 7578A87223617CF3006CFDD5 /* QXSettingCell.swift */; };
		7578A87523617DB8006CFDD5 /* QXSettingSeparateHeaderView.swift in Sources */ = {isa = PBXBuildFile; fileRef = 7578A87423617DB8006CFDD5 /* QXSettingSeparateHeaderView.swift */; };
		7578A87823618286006CFDD5 /* QXSettingSeparateFooterView.swift in Sources */ = {isa = PBXBuildFile; fileRef = 7578A87723618286006CFDD5 /* QXSettingSeparateFooterView.swift */; };
		7578A87A23618D72006CFDD5 /* QXSettingTitleStackCell.swift in Sources */ = {isa = PBXBuildFile; fileRef = 7578A87923618D72006CFDD5 /* QXSettingTitleStackCell.swift */; };
		7578A87C23619109006CFDD5 /* QXSettingTitleCell.swift in Sources */ = {isa = PBXBuildFile; fileRef = 7578A87B23619109006CFDD5 /* QXSettingTitleCell.swift */; };
		7578A87F236191F8006CFDD5 /* QXSettingTitleArrowCell.swift in Sources */ = {isa = PBXBuildFile; fileRef = 7578A87E236191F8006CFDD5 /* QXSettingTitleArrowCell.swift */; };
		7578A8812361972D006CFDD5 /* QXSettingTitleSwitchCell.swift in Sources */ = {isa = PBXBuildFile; fileRef = 7578A8802361972D006CFDD5 /* QXSettingTitleSwitchCell.swift */; };
		7578A88323619813006CFDD5 /* QXSwitchView.swift in Sources */ = {isa = PBXBuildFile; fileRef = 7578A88223619813006CFDD5 /* QXSwitchView.swift */; };
		7578A88523619AFD006CFDD5 /* QXSettingTextFieldCell.swift in Sources */ = {isa = PBXBuildFile; fileRef = 7578A88423619AFD006CFDD5 /* QXSettingTextFieldCell.swift */; };
		7578A88723619B6D006CFDD5 /* QXTextField.swift in Sources */ = {isa = PBXBuildFile; fileRef = 7578A88623619B6D006CFDD5 /* QXTextField.swift */; };
		7578A88923619BAA006CFDD5 /* QXTextFilter.swift in Sources */ = {isa = PBXBuildFile; fileRef = 7578A88823619BAA006CFDD5 /* QXTextFilter.swift */; };
		7578A88B2361A609006CFDD5 /* QXSettingTitleTextFieldCell.swift in Sources */ = {isa = PBXBuildFile; fileRef = 7578A88A2361A609006CFDD5 /* QXSettingTitleTextFieldCell.swift */; };
		7578A88D2361A710006CFDD5 /* QXTextView.swift in Sources */ = {isa = PBXBuildFile; fileRef = 7578A88C2361A710006CFDD5 /* QXTextView.swift */; };
		7578A88F2361A85D006CFDD5 /* QXSettingTextViewCell.swift in Sources */ = {isa = PBXBuildFile; fileRef = 7578A88E2361A85D006CFDD5 /* QXSettingTextViewCell.swift */; };
		7578A891236296A4006CFDD5 /* QXSettingTextCell.swift in Sources */ = {isa = PBXBuildFile; fileRef = 7578A890236296A4006CFDD5 /* QXSettingTextCell.swift */; };
		7578A89323629909006CFDD5 /* QXSettingTextHeaderView.swift in Sources */ = {isa = PBXBuildFile; fileRef = 7578A89223629909006CFDD5 /* QXSettingTextHeaderView.swift */; };
		7578A89523629A3A006CFDD5 /* QXSettingTextFooterView.swift in Sources */ = {isa = PBXBuildFile; fileRef = 7578A89423629A3A006CFDD5 /* QXSettingTextFooterView.swift */; };
		7578A8972362A69D006CFDD5 /* DemoSettingsVc.swift in Sources */ = {isa = PBXBuildFile; fileRef = 7578A8962362A69D006CFDD5 /* DemoSettingsVc.swift */; };
		757D6C3D236174B800BF1788 /* QXStaticFooterView.swift in Sources */ = {isa = PBXBuildFile; fileRef = 757D6C3C236174B800BF1788 /* QXStaticFooterView.swift */; };
		757D6C3F2361757E00BF1788 /* QXStaticButtonCell.swift in Sources */ = {isa = PBXBuildFile; fileRef = 757D6C3E2361757E00BF1788 /* QXStaticButtonCell.swift */; };
		758B220D237018CC00A03539 /* QXTransition.swift in Sources */ = {isa = PBXBuildFile; fileRef = 758B220C237018CC00A03539 /* QXTransition.swift */; };
		758B220F23703ABB00A03539 /* QXMaskViewController.swift in Sources */ = {isa = PBXBuildFile; fileRef = 758B220E23703ABB00A03539 /* QXMaskViewController.swift */; };
		75929C8022D03518006577AD /* QXControlStateStyle.swift in Sources */ = {isa = PBXBuildFile; fileRef = 75929C7F22D03518006577AD /* QXControlStateStyle.swift */; };
		75929C8422D075DE006577AD /* QXViewController.swift in Sources */ = {isa = PBXBuildFile; fileRef = 75929C8322D075DE006577AD /* QXViewController.swift */; };
		75929C8622D0764C006577AD /* QXNavigationController.swift in Sources */ = {isa = PBXBuildFile; fileRef = 75929C8522D0764C006577AD /* QXNavigationController.swift */; };
		75929C8C22D2CDE7006577AD /* QXTabBarController.swift in Sources */ = {isa = PBXBuildFile; fileRef = 75929C8B22D2CDE7006577AD /* QXTabBarController.swift */; };
		75929CB022D82CC3006577AD /* UIView_ext.swift in Sources */ = {isa = PBXBuildFile; fileRef = 75929CAF22D82CC3006577AD /* UIView_ext.swift */; };
		75929CB222D82EE1006577AD /* QXShadow.swift in Sources */ = {isa = PBXBuildFile; fileRef = 75929CB122D82EE1006577AD /* QXShadow.swift */; };
		75929CB622D83024006577AD /* QXSize.swift in Sources */ = {isa = PBXBuildFile; fileRef = 75929CB522D83024006577AD /* QXSize.swift */; };
		75929CB822D831C4006577AD /* QXPoint.swift in Sources */ = {isa = PBXBuildFile; fileRef = 75929CB722D831C4006577AD /* QXPoint.swift */; };
		75929CBC22D8733F006577AD /* QXBorder.swift in Sources */ = {isa = PBXBuildFile; fileRef = 75929CBB22D8733F006577AD /* QXBorder.swift */; };
		75929CEB22D97C3D006577AD /* QXButton.swift in Sources */ = {isa = PBXBuildFile; fileRef = 75929CEA22D97C3D006577AD /* QXButton.swift */; };
		75929CF322D9A89D006577AD /* QXRichText.swift in Sources */ = {isa = PBXBuildFile; fileRef = 75929CF222D9A89D006577AD /* QXRichText.swift */; };
		75929CF522D9A8BD006577AD /* QXFont.swift in Sources */ = {isa = PBXBuildFile; fileRef = 75929CF422D9A8BD006577AD /* QXFont.swift */; };
		75944D4322E302ED006FD18E /* QXView.swift in Sources */ = {isa = PBXBuildFile; fileRef = 75944D4222E302ED006FD18E /* QXView.swift */; };
		75944D4522E304EC006FD18E /* QXActivityIndicatorView.swift in Sources */ = {isa = PBXBuildFile; fileRef = 75944D4422E304EC006FD18E /* QXActivityIndicatorView.swift */; };
		75944D4922E59AAE006FD18E /* QXMessageView.swift in Sources */ = {isa = PBXBuildFile; fileRef = 75944D4822E59AAE006FD18E /* QXMessageView.swift */; };
		75954A8A230A33DF00FE6C4F /* QXNavigationBar.swift in Sources */ = {isa = PBXBuildFile; fileRef = 75954A89230A33DF00FE6C4F /* QXNavigationBar.swift */; };
		75CCBC2A22F7BF68004AD9E1 /* QXTimer.swift in Sources */ = {isa = PBXBuildFile; fileRef = 75CCBC2922F7BF68004AD9E1 /* QXTimer.swift */; };
		75D2CC202372C354007E2C38 /* QXStaticSpaceView.swift in Sources */ = {isa = PBXBuildFile; fileRef = 75D2CC1F2372C354007E2C38 /* QXStaticSpaceView.swift */; };
		75D852222367FA2B000F4157 /* DemoTestVc.swift in Sources */ = {isa = PBXBuildFile; fileRef = 75D852212367FA2B000F4157 /* DemoTestVc.swift */; };
		75D8522423682068000F4157 /* DemoArrangeViewVc.swift in Sources */ = {isa = PBXBuildFile; fileRef = 75D8522323682068000F4157 /* DemoArrangeViewVc.swift */; };
		75D852262368214C000F4157 /* QXArrangeView.swift in Sources */ = {isa = PBXBuildFile; fileRef = 75D852252368214C000F4157 /* QXArrangeView.swift */; };
		75D85228236847DF000F4157 /* UIImage_gif.swift in Sources */ = {isa = PBXBuildFile; fileRef = 75D85227236847DF000F4157 /* UIImage_gif.swift */; };
		75D8522A236926F2000F4157 /* icon_big.png in Resources */ = {isa = PBXBuildFile; fileRef = 75D85229236926F2000F4157 /* icon_big.png */; };
		75E214F122E6AD44004A12DB /* QXRefresh.swift in Sources */ = {isa = PBXBuildFile; fileRef = 75E214F022E6AD44004A12DB /* QXRefresh.swift */; };
		75FE018422EC29C0007646A3 /* QXDate.swift in Sources */ = {isa = PBXBuildFile; fileRef = 75FE018322EC29C0007646A3 /* QXDate.swift */; };
		75FE018822EC3E26007646A3 /* QXTableView.swift in Sources */ = {isa = PBXBuildFile; fileRef = 75FE018722EC3E26007646A3 /* QXTableView.swift */; };
/* End PBXBuildFile section */

/* Begin PBXFileReference section */
		178A006B875BAF6C183194DC /* Pods-QXUIKitExtension.debug.xcconfig */ = {isa = PBXFileReference; includeInIndex = 1; lastKnownFileType = text.xcconfig; name = "Pods-QXUIKitExtension.debug.xcconfig"; path = "Target Support Files/Pods-QXUIKitExtension/Pods-QXUIKitExtension.debug.xcconfig"; sourceTree = "<group>"; };
		751558A522E7F70E00EFF37A /* QXRequest.swift */ = {isa = PBXFileReference; lastKnownFileType = sourcecode.swift; path = QXRequest.swift; sourceTree = "<group>"; };
		751558A722E7FCFA00EFF37A /* QXPage.swift */ = {isa = PBXFileReference; lastKnownFileType = sourcecode.swift; path = QXPage.swift; sourceTree = "<group>"; };
		751558A922E7FD1500EFF37A /* QXModel.swift */ = {isa = PBXFileReference; lastKnownFileType = sourcecode.swift; path = QXModel.swift; sourceTree = "<group>"; };
		751558AB22E8033000EFF37A /* QXRespond.swift */ = {isa = PBXFileReference; lastKnownFileType = sourcecode.swift; path = QXRespond.swift; sourceTree = "<group>"; };
		751558AD22E8255700EFF37A /* QXRequest_jsonExt.swift */ = {isa = PBXFileReference; lastKnownFileType = sourcecode.swift; path = QXRequest_jsonExt.swift; sourceTree = "<group>"; };
		751558AF22E8258900EFF37A /* QXRequest_modelExt.swift */ = {isa = PBXFileReference; lastKnownFileType = sourcecode.swift; path = QXRequest_modelExt.swift; sourceTree = "<group>"; };
		751B76E7236A903A004F3265 /* QXModelsLoadStatusView.swift */ = {isa = PBXFileReference; lastKnownFileType = sourcecode.swift; path = QXModelsLoadStatusView.swift; sourceTree = "<group>"; };
		753D1A01230A4B7700409637 /* QXDevice.swift */ = {isa = PBXFileReference; lastKnownFileType = sourcecode.swift; path = QXDevice.swift; sourceTree = "<group>"; };
		7542FF3C23050EC60079CCD6 /* icon_mine_ask1.png */ = {isa = PBXFileReference; lastKnownFileType = image.png; path = icon_mine_ask1.png; sourceTree = "<group>"; };
		7542FF3E23050F990079CCD6 /* icon_mine_recommend.png */ = {isa = PBXFileReference; lastKnownFileType = image.png; path = icon_mine_recommend.png; sourceTree = "<group>"; };
		7542FF42230555CB0079CCD6 /* QXStackView.swift */ = {isa = PBXFileReference; lastKnownFileType = sourcecode.swift; path = QXStackView.swift; sourceTree = "<group>"; };
		7553884522EE969900D5261D /* QXTableViewController.swift */ = {isa = PBXFileReference; lastKnownFileType = sourcecode.swift; path = QXTableViewController.swift; sourceTree = "<group>"; };
		7553C78D22CC9C810058239B /* QXRect.Relation.swift */ = {isa = PBXFileReference; fileEncoding = 4; lastKnownFileType = sourcecode.swift; path = QXRect.Relation.swift; sourceTree = "<group>"; };
		7553C78E22CC9C810058239B /* QXRect.UIView.swift */ = {isa = PBXFileReference; fileEncoding = 4; lastKnownFileType = sourcecode.swift; path = QXRect.UIView.swift; sourceTree = "<group>"; };
		7553C78F22CC9C810058239B /* QXRect.swift */ = {isa = PBXFileReference; fileEncoding = 4; lastKnownFileType = sourcecode.swift; path = QXRect.swift; sourceTree = "<group>"; };
		7553C7FC22CEE0CE0058239B /* QXError.swift */ = {isa = PBXFileReference; lastKnownFileType = sourcecode.swift; path = QXError.swift; sourceTree = "<group>"; };
		7553C7FE22CEE2A80058239B /* UIImage_ext.swift */ = {isa = PBXFileReference; lastKnownFileType = sourcecode.swift; path = UIImage_ext.swift; sourceTree = "<group>"; };
		7553C80022CEE50A0058239B /* QXDebug.swift */ = {isa = PBXFileReference; lastKnownFileType = sourcecode.swift; path = QXDebug.swift; sourceTree = "<group>"; };
		7553C80222CEF5910058239B /* UserDefaults_ext.swift */ = {isa = PBXFileReference; lastKnownFileType = sourcecode.swift; path = UserDefaults_ext.swift; sourceTree = "<group>"; };
		7553C80422CEFA010058239B /* UIWindow_ext.swift */ = {isa = PBXFileReference; lastKnownFileType = sourcecode.swift; path = UIWindow_ext.swift; sourceTree = "<group>"; };
		7553C80822CF0CB60058239B /* UIApplication_ext.swift */ = {isa = PBXFileReference; lastKnownFileType = sourcecode.swift; path = UIApplication_ext.swift; sourceTree = "<group>"; };
		7553C80A22CF0DA90058239B /* DispatchQueue_ext.swift */ = {isa = PBXFileReference; lastKnownFileType = sourcecode.swift; path = DispatchQueue_ext.swift; sourceTree = "<group>"; };
		7553C80C22CF0F590058239B /* QXEmpty.swift */ = {isa = PBXFileReference; lastKnownFileType = sourcecode.swift; path = QXEmpty.swift; sourceTree = "<group>"; };
		7553C81022CF1D6B0058239B /* QXBarButtonItem.swift */ = {isa = PBXFileReference; lastKnownFileType = sourcecode.swift; path = QXBarButtonItem.swift; sourceTree = "<group>"; };
		75622EBE22BE3DAB0035093D /* UIFont_ext.swift */ = {isa = PBXFileReference; lastKnownFileType = sourcecode.swift; path = UIFont_ext.swift; sourceTree = "<group>"; };
		756A50A122BDF9FD00E692DA /* QXUIKitExtension.app */ = {isa = PBXFileReference; explicitFileType = wrapper.application; includeInIndex = 0; path = QXUIKitExtension.app; sourceTree = BUILT_PRODUCTS_DIR; };
		756A50A422BDF9FD00E692DA /* AppDelegate.swift */ = {isa = PBXFileReference; lastKnownFileType = sourcecode.swift; path = AppDelegate.swift; sourceTree = "<group>"; };
		756A50A622BDF9FD00E692DA /* ViewController.swift */ = {isa = PBXFileReference; lastKnownFileType = sourcecode.swift; path = ViewController.swift; sourceTree = "<group>"; };
		756A50AB22BDF9FE00E692DA /* Assets.xcassets */ = {isa = PBXFileReference; lastKnownFileType = folder.assetcatalog; path = Assets.xcassets; sourceTree = "<group>"; };
		756A50B022BDF9FE00E692DA /* Info.plist */ = {isa = PBXFileReference; lastKnownFileType = text.plist.xml; path = Info.plist; sourceTree = "<group>"; };
		756A50B722BDFA3B00E692DA /* QXColor.swift */ = {isa = PBXFileReference; lastKnownFileType = sourcecode.swift; path = QXColor.swift; sourceTree = "<group>"; };
		756A50B922BDFABF00E692DA /* QXImage.swift */ = {isa = PBXFileReference; lastKnownFileType = sourcecode.swift; path = QXImage.swift; sourceTree = "<group>"; };
		756A50BB22BDFCB800E692DA /* String_ext.swift */ = {isa = PBXFileReference; lastKnownFileType = sourcecode.swift; path = String_ext.swift; sourceTree = "<group>"; };
		756A50BD22BE0B1300E692DA /* QXURL.swift */ = {isa = PBXFileReference; lastKnownFileType = sourcecode.swift; path = QXURL.swift; sourceTree = "<group>"; };
		756A50C322BE141E00E692DA /* QXLocation.swift */ = {isa = PBXFileReference; fileEncoding = 4; lastKnownFileType = sourcecode.swift; path = QXLocation.swift; sourceTree = "<group>"; };
		75729F9F236133CC0007D1B1 /* QXStaticTextCell.swift */ = {isa = PBXFileReference; lastKnownFileType = sourcecode.swift; path = QXStaticTextCell.swift; sourceTree = "<group>"; };
		75729FA1236134010007D1B1 /* QXStaticBase.swift */ = {isa = PBXFileReference; lastKnownFileType = sourcecode.swift; path = QXStaticBase.swift; sourceTree = "<group>"; };
		75729FA323614DEC0007D1B1 /* DemoListVc.swift */ = {isa = PBXFileReference; lastKnownFileType = sourcecode.swift; path = DemoListVc.swift; sourceTree = "<group>"; };
		75729FA523614E090007D1B1 /* DemoStackViewVc.swift */ = {isa = PBXFileReference; lastKnownFileType = sourcecode.swift; path = DemoStackViewVc.swift; sourceTree = "<group>"; };
		75729FAB236170450007D1B1 /* QXStaticHeaderView.swift */ = {isa = PBXFileReference; lastKnownFileType = sourcecode.swift; path = QXStaticHeaderView.swift; sourceTree = "<group>"; };
		7574AA85230BCF9F00ABF6AD /* QXLineView.swift */ = {isa = PBXFileReference; lastKnownFileType = sourcecode.swift; path = QXLineView.swift; sourceTree = "<group>"; };
		757659BF2366749700588C63 /* DemoStaticsVc.swift */ = {isa = PBXFileReference; lastKnownFileType = sourcecode.swift; path = DemoStaticsVc.swift; sourceTree = "<group>"; };
		757659C1236677D800588C63 /* QXStaticSpaceCell.swift */ = {isa = PBXFileReference; lastKnownFileType = sourcecode.swift; path = QXStaticSpaceCell.swift; sourceTree = "<group>"; };
		7578068B22E1611F009DD0DA /* QXRichLabel.swift */ = {isa = PBXFileReference; fileEncoding = 4; lastKnownFileType = sourcecode.swift; path = QXRichLabel.swift; sourceTree = "<group>"; };
		7578068D22E162F0009DD0DA /* QXLoadStatusView.swift */ = {isa = PBXFileReference; fileEncoding = 4; lastKnownFileType = sourcecode.swift; path = QXLoadStatusView.swift; sourceTree = "<group>"; };
		7578068E22E162F0009DD0DA /* QXLoadStatusViewController.swift */ = {isa = PBXFileReference; fileEncoding = 4; lastKnownFileType = sourcecode.swift; path = QXLoadStatusViewController.swift; sourceTree = "<group>"; };
		7578069122E1647C009DD0DA /* QXUIKitExtensionResources.bundle */ = {isa = PBXFileReference; lastKnownFileType = "wrapper.plug-in"; path = QXUIKitExtensionResources.bundle; sourceTree = "<group>"; };
		7578069322E164E7009DD0DA /* QXUIKitExtensionResources.swift */ = {isa = PBXFileReference; lastKnownFileType = sourcecode.swift; path = QXUIKitExtensionResources.swift; sourceTree = "<group>"; };
		7578069522E1662D009DD0DA /* QXUIKitExtensionConfigs.swift */ = {isa = PBXFileReference; lastKnownFileType = sourcecode.swift; path = QXUIKitExtensionConfigs.swift; sourceTree = "<group>"; };
		7578069922E18D1D009DD0DA /* QXAlignment.swift */ = {isa = PBXFileReference; lastKnownFileType = sourcecode.swift; path = QXAlignment.swift; sourceTree = "<group>"; };
		757806A022E1C035009DD0DA /* QXProgress.swift */ = {isa = PBXFileReference; lastKnownFileType = sourcecode.swift; path = QXProgress.swift; sourceTree = "<group>"; };
		757806A422E2A108009DD0DA /* LaunchScreen.storyboard */ = {isa = PBXFileReference; fileEncoding = 4; lastKnownFileType = file.storyboard; path = LaunchScreen.storyboard; sourceTree = "<group>"; };
		757806A622E2A47B009DD0DA /* QXLabel.swift */ = {isa = PBXFileReference; lastKnownFileType = sourcecode.swift; path = QXLabel.swift; sourceTree = "<group>"; };
		757806A822E2A4A6009DD0DA /* QXImageView.swift */ = {isa = PBXFileReference; lastKnownFileType = sourcecode.swift; path = QXImageView.swift; sourceTree = "<group>"; };
		757806AA22E2BA5D009DD0DA /* QXMargin.swift */ = {isa = PBXFileReference; lastKnownFileType = sourcecode.swift; path = QXMargin.swift; sourceTree = "<group>"; };
		7578A87223617CF3006CFDD5 /* QXSettingCell.swift */ = {isa = PBXFileReference; lastKnownFileType = sourcecode.swift; path = QXSettingCell.swift; sourceTree = "<group>"; };
		7578A87423617DB8006CFDD5 /* QXSettingSeparateHeaderView.swift */ = {isa = PBXFileReference; lastKnownFileType = sourcecode.swift; path = QXSettingSeparateHeaderView.swift; sourceTree = "<group>"; };
		7578A87723618286006CFDD5 /* QXSettingSeparateFooterView.swift */ = {isa = PBXFileReference; lastKnownFileType = sourcecode.swift; path = QXSettingSeparateFooterView.swift; sourceTree = "<group>"; };
		7578A87923618D72006CFDD5 /* QXSettingTitleStackCell.swift */ = {isa = PBXFileReference; lastKnownFileType = sourcecode.swift; path = QXSettingTitleStackCell.swift; sourceTree = "<group>"; };
		7578A87B23619109006CFDD5 /* QXSettingTitleCell.swift */ = {isa = PBXFileReference; lastKnownFileType = sourcecode.swift; path = QXSettingTitleCell.swift; sourceTree = "<group>"; };
		7578A87E236191F8006CFDD5 /* QXSettingTitleArrowCell.swift */ = {isa = PBXFileReference; lastKnownFileType = sourcecode.swift; path = QXSettingTitleArrowCell.swift; sourceTree = "<group>"; };
		7578A8802361972D006CFDD5 /* QXSettingTitleSwitchCell.swift */ = {isa = PBXFileReference; lastKnownFileType = sourcecode.swift; path = QXSettingTitleSwitchCell.swift; sourceTree = "<group>"; };
		7578A88223619813006CFDD5 /* QXSwitchView.swift */ = {isa = PBXFileReference; lastKnownFileType = sourcecode.swift; path = QXSwitchView.swift; sourceTree = "<group>"; };
		7578A88423619AFD006CFDD5 /* QXSettingTextFieldCell.swift */ = {isa = PBXFileReference; lastKnownFileType = sourcecode.swift; path = QXSettingTextFieldCell.swift; sourceTree = "<group>"; };
		7578A88623619B6D006CFDD5 /* QXTextField.swift */ = {isa = PBXFileReference; lastKnownFileType = sourcecode.swift; path = QXTextField.swift; sourceTree = "<group>"; };
		7578A88823619BAA006CFDD5 /* QXTextFilter.swift */ = {isa = PBXFileReference; lastKnownFileType = sourcecode.swift; path = QXTextFilter.swift; sourceTree = "<group>"; };
		7578A88A2361A609006CFDD5 /* QXSettingTitleTextFieldCell.swift */ = {isa = PBXFileReference; lastKnownFileType = sourcecode.swift; path = QXSettingTitleTextFieldCell.swift; sourceTree = "<group>"; };
		7578A88C2361A710006CFDD5 /* QXTextView.swift */ = {isa = PBXFileReference; lastKnownFileType = sourcecode.swift; path = QXTextView.swift; sourceTree = "<group>"; };
		7578A88E2361A85D006CFDD5 /* QXSettingTextViewCell.swift */ = {isa = PBXFileReference; lastKnownFileType = sourcecode.swift; path = QXSettingTextViewCell.swift; sourceTree = "<group>"; };
		7578A890236296A4006CFDD5 /* QXSettingTextCell.swift */ = {isa = PBXFileReference; lastKnownFileType = sourcecode.swift; path = QXSettingTextCell.swift; sourceTree = "<group>"; };
		7578A89223629909006CFDD5 /* QXSettingTextHeaderView.swift */ = {isa = PBXFileReference; lastKnownFileType = sourcecode.swift; path = QXSettingTextHeaderView.swift; sourceTree = "<group>"; };
		7578A89423629A3A006CFDD5 /* QXSettingTextFooterView.swift */ = {isa = PBXFileReference; lastKnownFileType = sourcecode.swift; path = QXSettingTextFooterView.swift; sourceTree = "<group>"; };
		7578A8962362A69D006CFDD5 /* DemoSettingsVc.swift */ = {isa = PBXFileReference; lastKnownFileType = sourcecode.swift; path = DemoSettingsVc.swift; sourceTree = "<group>"; };
		757D6C3C236174B800BF1788 /* QXStaticFooterView.swift */ = {isa = PBXFileReference; lastKnownFileType = sourcecode.swift; path = QXStaticFooterView.swift; sourceTree = "<group>"; };
		757D6C3E2361757E00BF1788 /* QXStaticButtonCell.swift */ = {isa = PBXFileReference; lastKnownFileType = sourcecode.swift; path = QXStaticButtonCell.swift; sourceTree = "<group>"; };
		758B220C237018CC00A03539 /* QXTransition.swift */ = {isa = PBXFileReference; lastKnownFileType = sourcecode.swift; path = QXTransition.swift; sourceTree = "<group>"; };
		758B220E23703ABB00A03539 /* QXMaskViewController.swift */ = {isa = PBXFileReference; lastKnownFileType = sourcecode.swift; path = QXMaskViewController.swift; sourceTree = "<group>"; };
		75929C7F22D03518006577AD /* QXControlStateStyle.swift */ = {isa = PBXFileReference; lastKnownFileType = sourcecode.swift; path = QXControlStateStyle.swift; sourceTree = "<group>"; };
		75929C8322D075DE006577AD /* QXViewController.swift */ = {isa = PBXFileReference; lastKnownFileType = sourcecode.swift; path = QXViewController.swift; sourceTree = "<group>"; };
		75929C8522D0764C006577AD /* QXNavigationController.swift */ = {isa = PBXFileReference; lastKnownFileType = sourcecode.swift; path = QXNavigationController.swift; sourceTree = "<group>"; };
		75929C8B22D2CDE7006577AD /* QXTabBarController.swift */ = {isa = PBXFileReference; lastKnownFileType = sourcecode.swift; path = QXTabBarController.swift; sourceTree = "<group>"; };
		75929CAF22D82CC3006577AD /* UIView_ext.swift */ = {isa = PBXFileReference; lastKnownFileType = sourcecode.swift; path = UIView_ext.swift; sourceTree = "<group>"; };
		75929CB122D82EE1006577AD /* QXShadow.swift */ = {isa = PBXFileReference; lastKnownFileType = sourcecode.swift; path = QXShadow.swift; sourceTree = "<group>"; };
		75929CB522D83024006577AD /* QXSize.swift */ = {isa = PBXFileReference; lastKnownFileType = sourcecode.swift; path = QXSize.swift; sourceTree = "<group>"; };
		75929CB722D831C4006577AD /* QXPoint.swift */ = {isa = PBXFileReference; lastKnownFileType = sourcecode.swift; path = QXPoint.swift; sourceTree = "<group>"; };
		75929CBB22D8733F006577AD /* QXBorder.swift */ = {isa = PBXFileReference; lastKnownFileType = sourcecode.swift; path = QXBorder.swift; sourceTree = "<group>"; };
		75929CEA22D97C3D006577AD /* QXButton.swift */ = {isa = PBXFileReference; fileEncoding = 4; lastKnownFileType = sourcecode.swift; path = QXButton.swift; sourceTree = "<group>"; };
		75929CF222D9A89D006577AD /* QXRichText.swift */ = {isa = PBXFileReference; lastKnownFileType = sourcecode.swift; path = QXRichText.swift; sourceTree = "<group>"; };
		75929CF422D9A8BD006577AD /* QXFont.swift */ = {isa = PBXFileReference; fileEncoding = 4; lastKnownFileType = sourcecode.swift; path = QXFont.swift; sourceTree = "<group>"; };
		75944D4222E302ED006FD18E /* QXView.swift */ = {isa = PBXFileReference; lastKnownFileType = sourcecode.swift; path = QXView.swift; sourceTree = "<group>"; };
		75944D4422E304EC006FD18E /* QXActivityIndicatorView.swift */ = {isa = PBXFileReference; lastKnownFileType = sourcecode.swift; path = QXActivityIndicatorView.swift; sourceTree = "<group>"; };
		75944D4822E59AAE006FD18E /* QXMessageView.swift */ = {isa = PBXFileReference; lastKnownFileType = sourcecode.swift; path = QXMessageView.swift; sourceTree = "<group>"; };
		75954A89230A33DF00FE6C4F /* QXNavigationBar.swift */ = {isa = PBXFileReference; lastKnownFileType = sourcecode.swift; path = QXNavigationBar.swift; sourceTree = "<group>"; };
		75CCBC2922F7BF68004AD9E1 /* QXTimer.swift */ = {isa = PBXFileReference; fileEncoding = 4; lastKnownFileType = sourcecode.swift; path = QXTimer.swift; sourceTree = "<group>"; };
		75D2CC1F2372C354007E2C38 /* QXStaticSpaceView.swift */ = {isa = PBXFileReference; lastKnownFileType = sourcecode.swift; path = QXStaticSpaceView.swift; sourceTree = "<group>"; };
		75D852212367FA2B000F4157 /* DemoTestVc.swift */ = {isa = PBXFileReference; lastKnownFileType = sourcecode.swift; path = DemoTestVc.swift; sourceTree = "<group>"; };
		75D8522323682068000F4157 /* DemoArrangeViewVc.swift */ = {isa = PBXFileReference; lastKnownFileType = sourcecode.swift; path = DemoArrangeViewVc.swift; sourceTree = "<group>"; };
		75D852252368214C000F4157 /* QXArrangeView.swift */ = {isa = PBXFileReference; lastKnownFileType = sourcecode.swift; path = QXArrangeView.swift; sourceTree = "<group>"; };
		75D85227236847DF000F4157 /* UIImage_gif.swift */ = {isa = PBXFileReference; lastKnownFileType = sourcecode.swift; path = UIImage_gif.swift; sourceTree = "<group>"; };
		75D85229236926F2000F4157 /* icon_big.png */ = {isa = PBXFileReference; lastKnownFileType = image.png; path = icon_big.png; sourceTree = "<group>"; };
		75E214F022E6AD44004A12DB /* QXRefresh.swift */ = {isa = PBXFileReference; lastKnownFileType = sourcecode.swift; path = QXRefresh.swift; sourceTree = "<group>"; };
		75FE018322EC29C0007646A3 /* QXDate.swift */ = {isa = PBXFileReference; lastKnownFileType = sourcecode.swift; path = QXDate.swift; sourceTree = "<group>"; };
		75FE018722EC3E26007646A3 /* QXTableView.swift */ = {isa = PBXFileReference; lastKnownFileType = sourcecode.swift; path = QXTableView.swift; sourceTree = "<group>"; };
		950932CC5C82C8CED282FC01 /* Pods_QXUIKitExtension.framework */ = {isa = PBXFileReference; explicitFileType = wrapper.framework; includeInIndex = 0; path = Pods_QXUIKitExtension.framework; sourceTree = BUILT_PRODUCTS_DIR; };
		CE03BBF2ABE1D10750C53E79 /* Pods-QXUIKitExtension.release.xcconfig */ = {isa = PBXFileReference; includeInIndex = 1; lastKnownFileType = text.xcconfig; name = "Pods-QXUIKitExtension.release.xcconfig"; path = "Target Support Files/Pods-QXUIKitExtension/Pods-QXUIKitExtension.release.xcconfig"; sourceTree = "<group>"; };
/* End PBXFileReference section */

/* Begin PBXFrameworksBuildPhase section */
		756A509E22BDF9FD00E692DA /* Frameworks */ = {
			isa = PBXFrameworksBuildPhase;
			buildActionMask = 2147483647;
			files = (
				4A896D06035194710BB414B1 /* Pods_QXUIKitExtension.framework in Frameworks */,
			);
			runOnlyForDeploymentPostprocessing = 0;
		};
/* End PBXFrameworksBuildPhase section */

/* Begin PBXGroup section */
		2460207DAC9662311078CE5F /* Pods */ = {
			isa = PBXGroup;
			children = (
				178A006B875BAF6C183194DC /* Pods-QXUIKitExtension.debug.xcconfig */,
				CE03BBF2ABE1D10750C53E79 /* Pods-QXUIKitExtension.release.xcconfig */,
			);
			path = Pods;
			sourceTree = "<group>";
		};
		756A509822BDF9FD00E692DA = {
			isa = PBXGroup;
			children = (
				756A50A322BDF9FD00E692DA /* QXUIKitExtension */,
				756A50A222BDF9FD00E692DA /* Products */,
				2460207DAC9662311078CE5F /* Pods */,
				9C5AC6D840FBAECE741D74B1 /* Frameworks */,
			);
			sourceTree = "<group>";
		};
		756A50A222BDF9FD00E692DA /* Products */ = {
			isa = PBXGroup;
			children = (
				756A50A122BDF9FD00E692DA /* QXUIKitExtension.app */,
			);
			name = Products;
			sourceTree = "<group>";
		};
		756A50A322BDF9FD00E692DA /* QXUIKitExtension */ = {
			isa = PBXGroup;
			children = (
				756A50B622BDFA1600E692DA /* QXUIKitExtension */,
				756A50A422BDF9FD00E692DA /* AppDelegate.swift */,
				756A50A622BDF9FD00E692DA /* ViewController.swift */,
				75D852212367FA2B000F4157 /* DemoTestVc.swift */,
				75729FA323614DEC0007D1B1 /* DemoListVc.swift */,
				75D8522323682068000F4157 /* DemoArrangeViewVc.swift */,
				7578A8962362A69D006CFDD5 /* DemoSettingsVc.swift */,
				757659BF2366749700588C63 /* DemoStaticsVc.swift */,
				75729FA523614E090007D1B1 /* DemoStackViewVc.swift */,
				7542FF3C23050EC60079CCD6 /* icon_mine_ask1.png */,
				7542FF3E23050F990079CCD6 /* icon_mine_recommend.png */,
				75D85229236926F2000F4157 /* icon_big.png */,
				756A50AB22BDF9FE00E692DA /* Assets.xcassets */,
				757806A422E2A108009DD0DA /* LaunchScreen.storyboard */,
				756A50B022BDF9FE00E692DA /* Info.plist */,
			);
			path = QXUIKitExtension;
			sourceTree = "<group>";
		};
		756A50B622BDFA1600E692DA /* QXUIKitExtension */ = {
			isa = PBXGroup;
			children = (
				7553C78D22CC9C810058239B /* QXRect.Relation.swift */,
				7578069522E1662D009DD0DA /* QXUIKitExtensionConfigs.swift */,
				7553C78F22CC9C810058239B /* QXRect.swift */,
				753D1A01230A4B7700409637 /* QXDevice.swift */,
				7553C78E22CC9C810058239B /* QXRect.UIView.swift */,
				751558A922E7FD1500EFF37A /* QXModel.swift */,
				75929CB522D83024006577AD /* QXSize.swift */,
				751558A522E7F70E00EFF37A /* QXRequest.swift */,
				751558AD22E8255700EFF37A /* QXRequest_jsonExt.swift */,
				751558AF22E8258900EFF37A /* QXRequest_modelExt.swift */,
				757806AA22E2BA5D009DD0DA /* QXMargin.swift */,
				75929CB722D831C4006577AD /* QXPoint.swift */,
				756A50B722BDFA3B00E692DA /* QXColor.swift */,
				756A50B922BDFABF00E692DA /* QXImage.swift */,
				757806A022E1C035009DD0DA /* QXProgress.swift */,
				756A50BD22BE0B1300E692DA /* QXURL.swift */,
				756A50C322BE141E00E692DA /* QXLocation.swift */,
				75929CF422D9A8BD006577AD /* QXFont.swift */,
				7578069922E18D1D009DD0DA /* QXAlignment.swift */,
				75929CF222D9A89D006577AD /* QXRichText.swift */,
				75929C7F22D03518006577AD /* QXControlStateStyle.swift */,
				7553C80C22CF0F590058239B /* QXEmpty.swift */,
				75929CB122D82EE1006577AD /* QXShadow.swift */,
				75929CBB22D8733F006577AD /* QXBorder.swift */,
				756A50BB22BDFCB800E692DA /* String_ext.swift */,
				75622EBE22BE3DAB0035093D /* UIFont_ext.swift */,
				7553C7FE22CEE2A80058239B /* UIImage_ext.swift */,
				7553C80422CEFA010058239B /* UIWindow_ext.swift */,
				75929CAF22D82CC3006577AD /* UIView_ext.swift */,
				75929CEA22D97C3D006577AD /* QXButton.swift */,
				7578068B22E1611F009DD0DA /* QXRichLabel.swift */,
				757806A622E2A47B009DD0DA /* QXLabel.swift */,
				757806A822E2A4A6009DD0DA /* QXImageView.swift */,
				75944D4222E302ED006FD18E /* QXView.swift */,
				7542FF42230555CB0079CCD6 /* QXStackView.swift */,
				75D852252368214C000F4157 /* QXArrangeView.swift */,
				75929C8322D075DE006577AD /* QXViewController.swift */,
				75929C8522D0764C006577AD /* QXNavigationController.swift */,
				758B220C237018CC00A03539 /* QXTransition.swift */,
				75954A89230A33DF00FE6C4F /* QXNavigationBar.swift */,
				7578A88223619813006CFDD5 /* QXSwitchView.swift */,
				7578A88623619B6D006CFDD5 /* QXTextField.swift */,
				7578A88C2361A710006CFDD5 /* QXTextView.swift */,
				7578A88823619BAA006CFDD5 /* QXTextFilter.swift */,
				75944D4422E304EC006FD18E /* QXActivityIndicatorView.swift */,
				7578068D22E162F0009DD0DA /* QXLoadStatusView.swift */,
				7578068E22E162F0009DD0DA /* QXLoadStatusViewController.swift */,
				751B76E7236A903A004F3265 /* QXModelsLoadStatusView.swift */,
				7553884522EE969900D5261D /* QXTableViewController.swift */,
				75E214F022E6AD44004A12DB /* QXRefresh.swift */,
				758B220E23703ABB00A03539 /* QXMaskViewController.swift */,
				75FE018322EC29C0007646A3 /* QXDate.swift */,
				7574AA85230BCF9F00ABF6AD /* QXLineView.swift */,
				75CCBC2922F7BF68004AD9E1 /* QXTimer.swift */,
				75FE018722EC3E26007646A3 /* QXTableView.swift */,
				75729F9F236133CC0007D1B1 /* QXStaticTextCell.swift */,
				757D6C3E2361757E00BF1788 /* QXStaticButtonCell.swift */,
				757659C1236677D800588C63 /* QXStaticSpaceCell.swift */,
				75D2CC1F2372C354007E2C38 /* QXStaticSpaceView.swift */,
				75729FA1236134010007D1B1 /* QXStaticBase.swift */,
				75729FAB236170450007D1B1 /* QXStaticHeaderView.swift */,
				757D6C3C236174B800BF1788 /* QXStaticFooterView.swift */,
				7578A87223617CF3006CFDD5 /* QXSettingCell.swift */,
				7578A87B23619109006CFDD5 /* QXSettingTitleCell.swift */,
				7578A890236296A4006CFDD5 /* QXSettingTextCell.swift */,
				7578A88423619AFD006CFDD5 /* QXSettingTextFieldCell.swift */,
				7578A88E2361A85D006CFDD5 /* QXSettingTextViewCell.swift */,
				7578A88A2361A609006CFDD5 /* QXSettingTitleTextFieldCell.swift */,
				7578A8802361972D006CFDD5 /* QXSettingTitleSwitchCell.swift */,
				7578A87E236191F8006CFDD5 /* QXSettingTitleArrowCell.swift */,
				7578A87923618D72006CFDD5 /* QXSettingTitleStackCell.swift */,
				7578A87423617DB8006CFDD5 /* QXSettingSeparateHeaderView.swift */,
				7578A87723618286006CFDD5 /* QXSettingSeparateFooterView.swift */,
				7578A89223629909006CFDD5 /* QXSettingTextHeaderView.swift */,
				7578A89423629A3A006CFDD5 /* QXSettingTextFooterView.swift */,
				75929C8B22D2CDE7006577AD /* QXTabBarController.swift */,
				7553C81022CF1D6B0058239B /* QXBarButtonItem.swift */,
				7553C80822CF0CB60058239B /* UIApplication_ext.swift */,
				75944D4822E59AAE006FD18E /* QXMessageView.swift */,
				7553C7FC22CEE0CE0058239B /* QXError.swift */,
				751558AB22E8033000EFF37A /* QXRespond.swift */,
				751558A722E7FCFA00EFF37A /* QXPage.swift */,
				7553C80022CEE50A0058239B /* QXDebug.swift */,
				75D85227236847DF000F4157 /* UIImage_gif.swift */,
				7553C80222CEF5910058239B /* UserDefaults_ext.swift */,
				7553C80A22CF0DA90058239B /* DispatchQueue_ext.swift */,
				7578069322E164E7009DD0DA /* QXUIKitExtensionResources.swift */,
				7578069122E1647C009DD0DA /* QXUIKitExtensionResources.bundle */,
			);
			path = QXUIKitExtension;
			sourceTree = "<group>";
		};
		9C5AC6D840FBAECE741D74B1 /* Frameworks */ = {
			isa = PBXGroup;
			children = (
				950932CC5C82C8CED282FC01 /* Pods_QXUIKitExtension.framework */,
			);
			name = Frameworks;
			sourceTree = "<group>";
		};
/* End PBXGroup section */

/* Begin PBXNativeTarget section */
		756A50A022BDF9FD00E692DA /* QXUIKitExtension */ = {
			isa = PBXNativeTarget;
			buildConfigurationList = 756A50B322BDF9FE00E692DA /* Build configuration list for PBXNativeTarget "QXUIKitExtension" */;
			buildPhases = (
				F1B7984293A9C0B488E81478 /* [CP] Check Pods Manifest.lock */,
				756A509D22BDF9FD00E692DA /* Sources */,
				756A509E22BDF9FD00E692DA /* Frameworks */,
				756A509F22BDF9FD00E692DA /* Resources */,
				E02ED357550FC4F99A961CD9 /* [CP] Embed Pods Frameworks */,
			);
			buildRules = (
			);
			dependencies = (
			);
			name = QXUIKitExtension;
			productName = QXUIKitExtension;
			productReference = 756A50A122BDF9FD00E692DA /* QXUIKitExtension.app */;
			productType = "com.apple.product-type.application";
		};
/* End PBXNativeTarget section */

/* Begin PBXProject section */
		756A509922BDF9FD00E692DA /* Project object */ = {
			isa = PBXProject;
			attributes = {
				LastSwiftUpdateCheck = 1020;
				LastUpgradeCheck = 1020;
				ORGANIZATIONNAME = labi3285_lab;
				TargetAttributes = {
					756A50A022BDF9FD00E692DA = {
						CreatedOnToolsVersion = 10.2.1;
					};
				};
			};
			buildConfigurationList = 756A509C22BDF9FD00E692DA /* Build configuration list for PBXProject "QXUIKitExtension" */;
			compatibilityVersion = "Xcode 9.3";
			developmentRegion = en;
			hasScannedForEncodings = 0;
			knownRegions = (
				en,
				Base,
			);
			mainGroup = 756A509822BDF9FD00E692DA;
			productRefGroup = 756A50A222BDF9FD00E692DA /* Products */;
			projectDirPath = "";
			projectRoot = "";
			targets = (
				756A50A022BDF9FD00E692DA /* QXUIKitExtension */,
			);
		};
/* End PBXProject section */

/* Begin PBXResourcesBuildPhase section */
		756A509F22BDF9FD00E692DA /* Resources */ = {
			isa = PBXResourcesBuildPhase;
			buildActionMask = 2147483647;
			files = (
				756A50AC22BDF9FE00E692DA /* Assets.xcassets in Resources */,
				75D8522A236926F2000F4157 /* icon_big.png in Resources */,
				7542FF3D23050EC60079CCD6 /* icon_mine_ask1.png in Resources */,
				7578069222E1647C009DD0DA /* QXUIKitExtensionResources.bundle in Resources */,
				757806A522E2A108009DD0DA /* LaunchScreen.storyboard in Resources */,
				7542FF3F23050F990079CCD6 /* icon_mine_recommend.png in Resources */,
			);
			runOnlyForDeploymentPostprocessing = 0;
		};
/* End PBXResourcesBuildPhase section */

/* Begin PBXShellScriptBuildPhase section */
		E02ED357550FC4F99A961CD9 /* [CP] Embed Pods Frameworks */ = {
			isa = PBXShellScriptBuildPhase;
			buildActionMask = 2147483647;
			files = (
			);
			inputFileListPaths = (
				"${PODS_ROOT}/Target Support Files/Pods-QXUIKitExtension/Pods-QXUIKitExtension-frameworks-${CONFIGURATION}-input-files.xcfilelist",
			);
			name = "[CP] Embed Pods Frameworks";
			outputFileListPaths = (
				"${PODS_ROOT}/Target Support Files/Pods-QXUIKitExtension/Pods-QXUIKitExtension-frameworks-${CONFIGURATION}-output-files.xcfilelist",
			);
			runOnlyForDeploymentPostprocessing = 0;
			shellPath = /bin/sh;
			shellScript = "\"${PODS_ROOT}/Target Support Files/Pods-QXUIKitExtension/Pods-QXUIKitExtension-frameworks.sh\"\n";
			showEnvVarsInLog = 0;
		};
		F1B7984293A9C0B488E81478 /* [CP] Check Pods Manifest.lock */ = {
			isa = PBXShellScriptBuildPhase;
			buildActionMask = 2147483647;
			files = (
			);
			inputFileListPaths = (
			);
			inputPaths = (
				"${PODS_PODFILE_DIR_PATH}/Podfile.lock",
				"${PODS_ROOT}/Manifest.lock",
			);
			name = "[CP] Check Pods Manifest.lock";
			outputFileListPaths = (
			);
			outputPaths = (
				"$(DERIVED_FILE_DIR)/Pods-QXUIKitExtension-checkManifestLockResult.txt",
			);
			runOnlyForDeploymentPostprocessing = 0;
			shellPath = /bin/sh;
			shellScript = "diff \"${PODS_PODFILE_DIR_PATH}/Podfile.lock\" \"${PODS_ROOT}/Manifest.lock\" > /dev/null\nif [ $? != 0 ] ; then\n    # print error to STDERR\n    echo \"error: The sandbox is not in sync with the Podfile.lock. Run 'pod install' or update your CocoaPods installation.\" >&2\n    exit 1\nfi\n# This output is used by Xcode 'outputs' to avoid re-running this script phase.\necho \"SUCCESS\" > \"${SCRIPT_OUTPUT_FILE_0}\"\n";
			showEnvVarsInLog = 0;
		};
/* End PBXShellScriptBuildPhase section */

/* Begin PBXSourcesBuildPhase section */
		756A509D22BDF9FD00E692DA /* Sources */ = {
			isa = PBXSourcesBuildPhase;
			buildActionMask = 2147483647;
			files = (
				75D8522423682068000F4157 /* DemoArrangeViewVc.swift in Sources */,
				756A50BA22BDFABF00E692DA /* QXImage.swift in Sources */,
				7578068F22E162F0009DD0DA /* QXLoadStatusView.swift in Sources */,
				7578A87A23618D72006CFDD5 /* QXSettingTitleStackCell.swift in Sources */,
				75929CB622D83024006577AD /* QXSize.swift in Sources */,
				758B220F23703ABB00A03539 /* QXMaskViewController.swift in Sources */,
				75D85228236847DF000F4157 /* UIImage_gif.swift in Sources */,
				7578A87823618286006CFDD5 /* QXSettingSeparateFooterView.swift in Sources */,
				75729FA623614E090007D1B1 /* DemoStackViewVc.swift in Sources */,
				7553C80D22CF0F590058239B /* QXEmpty.swift in Sources */,
				757659C2236677D800588C63 /* QXStaticSpaceCell.swift in Sources */,
				75954A8A230A33DF00FE6C4F /* QXNavigationBar.swift in Sources */,
				7578A88D2361A710006CFDD5 /* QXTextView.swift in Sources */,
				7578069422E164E7009DD0DA /* QXUIKitExtensionResources.swift in Sources */,
				75929CB822D831C4006577AD /* QXPoint.swift in Sources */,
				7553C81122CF1D6B0058239B /* QXBarButtonItem.swift in Sources */,
				757806A922E2A4A6009DD0DA /* QXImageView.swift in Sources */,
				756A50A722BDF9FD00E692DA /* ViewController.swift in Sources */,
				757659C02366749700588C63 /* DemoStaticsVc.swift in Sources */,
				7542FF43230555CB0079CCD6 /* QXStackView.swift in Sources */,
				7553C80122CEE50A0058239B /* QXDebug.swift in Sources */,
				756A50BE22BE0B1300E692DA /* QXURL.swift in Sources */,
				7578A891236296A4006CFDD5 /* QXSettingTextCell.swift in Sources */,
				75E214F122E6AD44004A12DB /* QXRefresh.swift in Sources */,
				756A50A522BDF9FD00E692DA /* AppDelegate.swift in Sources */,
				7578A88F2361A85D006CFDD5 /* QXSettingTextViewCell.swift in Sources */,
				75729FAC236170450007D1B1 /* QXStaticHeaderView.swift in Sources */,
				751558A822E7FCFA00EFF37A /* QXPage.swift in Sources */,
				75929C8C22D2CDE7006577AD /* QXTabBarController.swift in Sources */,
				756A50BC22BDFCB800E692DA /* String_ext.swift in Sources */,
				751558A622E7F70E00EFF37A /* QXRequest.swift in Sources */,
				75729FA0236133CC0007D1B1 /* QXStaticTextCell.swift in Sources */,
				7578069A22E18D1D009DD0DA /* QXAlignment.swift in Sources */,
				7578A8972362A69D006CFDD5 /* DemoSettingsVc.swift in Sources */,
				751B76E8236A903A004F3265 /* QXModelsLoadStatusView.swift in Sources */,
				756A50B822BDFA3B00E692DA /* QXColor.swift in Sources */,
				75929C8422D075DE006577AD /* QXViewController.swift in Sources */,
				75729FA2236134010007D1B1 /* QXStaticBase.swift in Sources */,
				7553C80922CF0CB60058239B /* UIApplication_ext.swift in Sources */,
				757806A122E1C035009DD0DA /* QXProgress.swift in Sources */,
				7578068C22E1611F009DD0DA /* QXRichLabel.swift in Sources */,
				75FE018422EC29C0007646A3 /* QXDate.swift in Sources */,
				756A50C422BE141E00E692DA /* QXLocation.swift in Sources */,
				75929CBC22D8733F006577AD /* QXBorder.swift in Sources */,
				7553C80322CEF5910058239B /* UserDefaults_ext.swift in Sources */,
				75929C8022D03518006577AD /* QXControlStateStyle.swift in Sources */,
				751558AC22E8033000EFF37A /* QXRespond.swift in Sources */,
				75929CF522D9A8BD006577AD /* QXFont.swift in Sources */,
				7553C80B22CF0DA90058239B /* DispatchQueue_ext.swift in Sources */,
				75944D4522E304EC006FD18E /* QXActivityIndicatorView.swift in Sources */,
				75622EBF22BE3DAB0035093D /* UIFont_ext.swift in Sources */,
				753D1A02230A4B7700409637 /* QXDevice.swift in Sources */,
				75929CF322D9A89D006577AD /* QXRichText.swift in Sources */,
				757806AB22E2BA5D009DD0DA /* QXMargin.swift in Sources */,
				7553C7FD22CEE0CE0058239B /* QXError.swift in Sources */,
				7553C79122CC9C810058239B /* QXRect.UIView.swift in Sources */,
				75729FA423614DEC0007D1B1 /* DemoListVc.swift in Sources */,
				757D6C3F2361757E00BF1788 /* QXStaticButtonCell.swift in Sources */,
				75929CB222D82EE1006577AD /* QXShadow.swift in Sources */,
				7578A87C23619109006CFDD5 /* QXSettingTitleCell.swift in Sources */,
				75944D4322E302ED006FD18E /* QXView.swift in Sources */,
				75944D4922E59AAE006FD18E /* QXMessageView.swift in Sources */,
				75D2CC202372C354007E2C38 /* QXStaticSpaceView.swift in Sources */,
				75929CEB22D97C3D006577AD /* QXButton.swift in Sources */,
				7578A88523619AFD006CFDD5 /* QXSettingTextFieldCell.swift in Sources */,
				7578A88B2361A609006CFDD5 /* QXSettingTitleTextFieldCell.swift in Sources */,
				758B220D237018CC00A03539 /* QXTransition.swift in Sources */,
				7578A87323617CF3006CFDD5 /* QXSettingCell.swift in Sources */,
				751558AA22E7FD1500EFF37A /* QXModel.swift in Sources */,
				751558AE22E8255700EFF37A /* QXRequest_jsonExt.swift in Sources */,
				7578A88323619813006CFDD5 /* QXSwitchView.swift in Sources */,
				75CCBC2A22F7BF68004AD9E1 /* QXTimer.swift in Sources */,
				757D6C3D236174B800BF1788 /* QXStaticFooterView.swift in Sources */,
				7578A87523617DB8006CFDD5 /* QXSettingSeparateHeaderView.swift in Sources */,
				75929CB022D82CC3006577AD /* UIView_ext.swift in Sources */,
				7578A89523629A3A006CFDD5 /* QXSettingTextFooterView.swift in Sources */,
				75D852222367FA2B000F4157 /* DemoTestVc.swift in Sources */,
				757806A722E2A47B009DD0DA /* QXLabel.swift in Sources */,
				7553C79222CC9C810058239B /* QXRect.swift in Sources */,
				7578A89323629909006CFDD5 /* QXSettingTextHeaderView.swift in Sources */,
				751558B022E8258900EFF37A /* QXRequest_modelExt.swift in Sources */,
				7553C79022CC9C810058239B /* QXRect.Relation.swift in Sources */,
				7553C80522CEFA010058239B /* UIWindow_ext.swift in Sources */,
				75929C8622D0764C006577AD /* QXNavigationController.swift in Sources */,
				7578A87F236191F8006CFDD5 /* QXSettingTitleArrowCell.swift in Sources */,
				7578A88923619BAA006CFDD5 /* QXTextFilter.swift in Sources */,
				7553884622EE969900D5261D /* QXTableViewController.swift in Sources */,
				7578A8812361972D006CFDD5 /* QXSettingTitleSwitchCell.swift in Sources */,
				75FE018822EC3E26007646A3 /* QXTableView.swift in Sources */,
				75D852262368214C000F4157 /* QXArrangeView.swift in Sources */,
				7553C7FF22CEE2A80058239B /* UIImage_ext.swift in Sources */,
				7578069622E1662D009DD0DA /* QXUIKitExtensionConfigs.swift in Sources */,
				7578A88723619B6D006CFDD5 /* QXTextField.swift in Sources */,
				7578069022E162F0009DD0DA /* QXLoadStatusViewController.swift in Sources */,
				7574AA86230BCF9F00ABF6AD /* QXLineView.swift in Sources */,
			);
			runOnlyForDeploymentPostprocessing = 0;
		};
/* End PBXSourcesBuildPhase section */

/* Begin XCBuildConfiguration section */
		756A50B122BDF9FE00E692DA /* Debug */ = {
			isa = XCBuildConfiguration;
			buildSettings = {
				ALWAYS_SEARCH_USER_PATHS = NO;
				CLANG_ANALYZER_NONNULL = YES;
				CLANG_ANALYZER_NUMBER_OBJECT_CONVERSION = YES_AGGRESSIVE;
				CLANG_CXX_LANGUAGE_STANDARD = "gnu++14";
				CLANG_CXX_LIBRARY = "libc++";
				CLANG_ENABLE_MODULES = YES;
				CLANG_ENABLE_OBJC_ARC = YES;
				CLANG_ENABLE_OBJC_WEAK = YES;
				CLANG_WARN_BLOCK_CAPTURE_AUTORELEASING = YES;
				CLANG_WARN_BOOL_CONVERSION = YES;
				CLANG_WARN_COMMA = YES;
				CLANG_WARN_CONSTANT_CONVERSION = YES;
				CLANG_WARN_DEPRECATED_OBJC_IMPLEMENTATIONS = YES;
				CLANG_WARN_DIRECT_OBJC_ISA_USAGE = YES_ERROR;
				CLANG_WARN_DOCUMENTATION_COMMENTS = YES;
				CLANG_WARN_EMPTY_BODY = YES;
				CLANG_WARN_ENUM_CONVERSION = YES;
				CLANG_WARN_INFINITE_RECURSION = YES;
				CLANG_WARN_INT_CONVERSION = YES;
				CLANG_WARN_NON_LITERAL_NULL_CONVERSION = YES;
				CLANG_WARN_OBJC_IMPLICIT_RETAIN_SELF = YES;
				CLANG_WARN_OBJC_LITERAL_CONVERSION = YES;
				CLANG_WARN_OBJC_ROOT_CLASS = YES_ERROR;
				CLANG_WARN_RANGE_LOOP_ANALYSIS = YES;
				CLANG_WARN_STRICT_PROTOTYPES = YES;
				CLANG_WARN_SUSPICIOUS_MOVE = YES;
				CLANG_WARN_UNGUARDED_AVAILABILITY = YES_AGGRESSIVE;
				CLANG_WARN_UNREACHABLE_CODE = YES;
				CLANG_WARN__DUPLICATE_METHOD_MATCH = YES;
				CODE_SIGN_IDENTITY = "iPhone Developer";
				COPY_PHASE_STRIP = NO;
				DEBUG_INFORMATION_FORMAT = dwarf;
				ENABLE_STRICT_OBJC_MSGSEND = YES;
				ENABLE_TESTABILITY = YES;
				GCC_C_LANGUAGE_STANDARD = gnu11;
				GCC_DYNAMIC_NO_PIC = NO;
				GCC_NO_COMMON_BLOCKS = YES;
				GCC_OPTIMIZATION_LEVEL = 0;
				GCC_PREPROCESSOR_DEFINITIONS = (
					"DEBUG=1",
					"$(inherited)",
				);
				GCC_WARN_64_TO_32_BIT_CONVERSION = YES;
				GCC_WARN_ABOUT_RETURN_TYPE = YES_ERROR;
				GCC_WARN_UNDECLARED_SELECTOR = YES;
				GCC_WARN_UNINITIALIZED_AUTOS = YES_AGGRESSIVE;
				GCC_WARN_UNUSED_FUNCTION = YES;
				GCC_WARN_UNUSED_VARIABLE = YES;
				IPHONEOS_DEPLOYMENT_TARGET = 12.2;
				MTL_ENABLE_DEBUG_INFO = INCLUDE_SOURCE;
				MTL_FAST_MATH = YES;
				ONLY_ACTIVE_ARCH = YES;
				SDKROOT = iphoneos;
				SWIFT_ACTIVE_COMPILATION_CONDITIONS = DEBUG;
				SWIFT_OPTIMIZATION_LEVEL = "-Onone";
			};
			name = Debug;
		};
		756A50B222BDF9FE00E692DA /* Release */ = {
			isa = XCBuildConfiguration;
			buildSettings = {
				ALWAYS_SEARCH_USER_PATHS = NO;
				CLANG_ANALYZER_NONNULL = YES;
				CLANG_ANALYZER_NUMBER_OBJECT_CONVERSION = YES_AGGRESSIVE;
				CLANG_CXX_LANGUAGE_STANDARD = "gnu++14";
				CLANG_CXX_LIBRARY = "libc++";
				CLANG_ENABLE_MODULES = YES;
				CLANG_ENABLE_OBJC_ARC = YES;
				CLANG_ENABLE_OBJC_WEAK = YES;
				CLANG_WARN_BLOCK_CAPTURE_AUTORELEASING = YES;
				CLANG_WARN_BOOL_CONVERSION = YES;
				CLANG_WARN_COMMA = YES;
				CLANG_WARN_CONSTANT_CONVERSION = YES;
				CLANG_WARN_DEPRECATED_OBJC_IMPLEMENTATIONS = YES;
				CLANG_WARN_DIRECT_OBJC_ISA_USAGE = YES_ERROR;
				CLANG_WARN_DOCUMENTATION_COMMENTS = YES;
				CLANG_WARN_EMPTY_BODY = YES;
				CLANG_WARN_ENUM_CONVERSION = YES;
				CLANG_WARN_INFINITE_RECURSION = YES;
				CLANG_WARN_INT_CONVERSION = YES;
				CLANG_WARN_NON_LITERAL_NULL_CONVERSION = YES;
				CLANG_WARN_OBJC_IMPLICIT_RETAIN_SELF = YES;
				CLANG_WARN_OBJC_LITERAL_CONVERSION = YES;
				CLANG_WARN_OBJC_ROOT_CLASS = YES_ERROR;
				CLANG_WARN_RANGE_LOOP_ANALYSIS = YES;
				CLANG_WARN_STRICT_PROTOTYPES = YES;
				CLANG_WARN_SUSPICIOUS_MOVE = YES;
				CLANG_WARN_UNGUARDED_AVAILABILITY = YES_AGGRESSIVE;
				CLANG_WARN_UNREACHABLE_CODE = YES;
				CLANG_WARN__DUPLICATE_METHOD_MATCH = YES;
				CODE_SIGN_IDENTITY = "iPhone Developer";
				COPY_PHASE_STRIP = NO;
				DEBUG_INFORMATION_FORMAT = "dwarf-with-dsym";
				ENABLE_NS_ASSERTIONS = NO;
				ENABLE_STRICT_OBJC_MSGSEND = YES;
				GCC_C_LANGUAGE_STANDARD = gnu11;
				GCC_NO_COMMON_BLOCKS = YES;
				GCC_WARN_64_TO_32_BIT_CONVERSION = YES;
				GCC_WARN_ABOUT_RETURN_TYPE = YES_ERROR;
				GCC_WARN_UNDECLARED_SELECTOR = YES;
				GCC_WARN_UNINITIALIZED_AUTOS = YES_AGGRESSIVE;
				GCC_WARN_UNUSED_FUNCTION = YES;
				GCC_WARN_UNUSED_VARIABLE = YES;
				IPHONEOS_DEPLOYMENT_TARGET = 12.2;
				MTL_ENABLE_DEBUG_INFO = NO;
				MTL_FAST_MATH = YES;
				SDKROOT = iphoneos;
				SWIFT_COMPILATION_MODE = wholemodule;
				SWIFT_OPTIMIZATION_LEVEL = "-O";
				VALIDATE_PRODUCT = YES;
			};
			name = Release;
		};
		756A50B422BDF9FE00E692DA /* Debug */ = {
			isa = XCBuildConfiguration;
			baseConfigurationReference = 178A006B875BAF6C183194DC /* Pods-QXUIKitExtension.debug.xcconfig */;
			buildSettings = {
				ASSETCATALOG_COMPILER_APPICON_NAME = AppIcon;
				CODE_SIGN_STYLE = Automatic;
				DEVELOPMENT_TEAM = 4S3D2DBDGU;
				INFOPLIST_FILE = QXUIKitExtension/Info.plist;
				IPHONEOS_DEPLOYMENT_TARGET = 8.0;
				LD_RUNPATH_SEARCH_PATHS = (
					"$(inherited)",
					"@executable_path/Frameworks",
				);
				MACH_O_TYPE = mh_execute;
				PRODUCT_BUNDLE_IDENTIFIER = com.labi3285.QXUIKitExtension;
				PRODUCT_NAME = "$(TARGET_NAME)";
				SWIFT_VERSION = 5.0;
				TARGETED_DEVICE_FAMILY = "1,2";
			};
			name = Debug;
		};
		756A50B522BDF9FE00E692DA /* Release */ = {
			isa = XCBuildConfiguration;
			baseConfigurationReference = CE03BBF2ABE1D10750C53E79 /* Pods-QXUIKitExtension.release.xcconfig */;
			buildSettings = {
				ASSETCATALOG_COMPILER_APPICON_NAME = AppIcon;
				CODE_SIGN_STYLE = Automatic;
				DEVELOPMENT_TEAM = 4S3D2DBDGU;
				INFOPLIST_FILE = QXUIKitExtension/Info.plist;
				IPHONEOS_DEPLOYMENT_TARGET = 8.0;
				LD_RUNPATH_SEARCH_PATHS = (
					"$(inherited)",
					"@executable_path/Frameworks",
				);
				MACH_O_TYPE = mh_execute;
				PRODUCT_BUNDLE_IDENTIFIER = com.labi3285.QXUIKitExtension;
				PRODUCT_NAME = "$(TARGET_NAME)";
				SWIFT_VERSION = 5.0;
				TARGETED_DEVICE_FAMILY = "1,2";
			};
			name = Release;
		};
/* End XCBuildConfiguration section */

/* Begin XCConfigurationList section */
		756A509C22BDF9FD00E692DA /* Build configuration list for PBXProject "QXUIKitExtension" */ = {
			isa = XCConfigurationList;
			buildConfigurations = (
				756A50B122BDF9FE00E692DA /* Debug */,
				756A50B222BDF9FE00E692DA /* Release */,
			);
			defaultConfigurationIsVisible = 0;
			defaultConfigurationName = Release;
		};
		756A50B322BDF9FE00E692DA /* Build configuration list for PBXNativeTarget "QXUIKitExtension" */ = {
			isa = XCConfigurationList;
			buildConfigurations = (
				756A50B422BDF9FE00E692DA /* Debug */,
				756A50B522BDF9FE00E692DA /* Release */,
			);
			defaultConfigurationIsVisible = 0;
			defaultConfigurationName = Release;
		};
/* End XCConfigurationList section */
	};
	rootObject = 756A509922BDF9FD00E692DA /* Project object */;
}
